version: 7
platforms:
- name: linux-64
  virtual-packages:
  - __unix=0=0
  - __linux=4.18
  - __glibc=2.28
  - __archspec=0=x86_64
- name: osx-64
  virtual-packages:
  - __unix=0=0
  - __osx=13.0
  - __archspec=0=x86_64
- name: osx-arm64
  virtual-packages:
  - __unix=0=0
  - __osx=13.0
  - __archspec=0=m1
- name: win-64
  virtual-packages:
  - __win=10.0
  - __archspec=0=x86_64
environments:
  default:
    channels:
    - url: https://conda.anaconda.org/conda-forge/
    packages:
      linux-64:
      - conda: https://conda.anaconda.org/conda-forge/linux-64/_openmp_mutex-4.5-20_gnu.conda
      - conda: https://conda.anaconda.org/conda-forge/linux-64/libgcc-16.2.0-ha9f2e26_4.conda
      - conda: https://conda.anaconda.org/conda-forge/linux-64/libgomp-16.2.0-he0feb66_4.conda
      - conda: https://conda.anaconda.org/conda-forge/linux-64/libstdcxx-16.2.0-h934c35e_4.conda
      - conda: https://conda.anaconda.org/conda-forge/linux-64/openssl-3.6.4-h781a0a9_0.conda
      - conda: https://conda.anaconda.org/conda-forge/linux-64/patchelf-0.19.1-hee9eb32_1.conda
      - conda: https://conda.anaconda.org/conda-forge/linux-64/rattler-build-0.75.0-hf01adef_0.conda
      - conda: https://conda.anaconda.org/conda-forge/noarch/ca-certificates-2026.7.22-hbd8a1cb_0.conda
      osx-64:
      - conda: https://conda.anaconda.org/conda-forge/osx-64/libcxx-23.1.0-h19cb2f5_0.conda
      - conda: https://conda.anaconda.org/conda-forge/osx-64/rattler-build-0.75.0-h1311731_0.conda
      osx-arm64:
      - conda: https://conda.anaconda.org/conda-forge/osx-arm64/libcxx-23.1.0-h55c6f16_0.conda
      - conda: https://conda.anaconda.org/conda-forge/osx-arm64/rattler-build-0.75.0-h74d5219_0.conda
      win-64:
      - conda: https://conda.anaconda.org/conda-forge/win-64/rattler-build-0.75.0-he94b42d_0.conda
      - conda: https://conda.anaconda.org/conda-forge/win-64/ucrt-10.0.26100.0-h57928b3_0.conda
      - conda: https://conda.anaconda.org/conda-forge/win-64/vc-14.5-ha367084_41.conda
      - conda: https://conda.anaconda.org/conda-forge/win-64/vc14_runtime-14.51.36247-habf1de7_41.conda
      - conda: https://conda.anaconda.org/conda-forge/win-64/vcomp14-14.51.36247-habf1de7_41.conda
packages:
- conda: https://conda.anaconda.org/conda-forge/linux-64/_openmp_mutex-4.5-20_gnu.conda
  build_number: 20
  sha256: 1dd3fffd892081df9726d7eb7e0dea6198962ba775bd88842135a4ddb4deb3c9
  md5: a9f577daf3de00bca7c3c76c0ecbd1de
  depends:
  - __glibc >=2.17,<3.0.a0
  - libgomp >=7.5.0
  constrains:
  - openmp_impl <0.0a0
  license: BSD-3-Clause
  license_family: BSD
  run_exports:
    strong:
    - _openmp_mutex >=4.5
  size: 28948
  timestamp: 1770939786096
- conda: https://conda.anaconda.org/conda-forge/linux-64/libgcc-16.2.0-ha9f2e26_4.conda
  sha256: 24090e675d34403b4ee1cd4372d8f6c0937da7ecfd66a19a57cac2ed0f4ea793
  md5: cba14d01083fc62ffd32c24d7d390633
  depends:
  - __glibc >=2.17,<3.0.a0
  - _openmp_mutex >=4.5
  constrains:
  - libgcc-ng ==16.2.0=*_4
  - libgomp 16.2.0 he0feb66_4
  license: GPL-3.0-only WITH GCC-exception-3.1
  license_family: GPL
  run_exports: {}
  size: 1058083
  timestamp: 1787618680111
- conda: https://conda.anaconda.org/conda-forge/linux-64/libgomp-16.2.0-he0feb66_4.conda
  sha256: 0fe5cb8e0752241ab55e11656ed1b9726248b522d23b929fe7c95b83eb55b9bb
  md5: 89d2c1231f47bd818f5d624b9411459d
  depends:
  - __glibc >=2.17,<3.0.a0
  license: GPL-3.0-only WITH GCC-exception-3.1
  license_family: GPL
  run_exports:
    strong:
    - _openmp_mutex >=4.5
  size: 639968
  timestamp: 1787618616266
- conda: https://conda.anaconda.org/conda-forge/linux-64/libstdcxx-16.2.0-h934c35e_4.conda
  sha256: 40b792b0186c1e8859280a1f6f19a54fc50a11b32724fc7b637009c1a9bd302b
  md5: 2f2ef0d96de5bdd8c1270ff22fdf9352
  depends:
  - __glibc >=2.17,<3.0.a0
  - libgcc 16.2.0 ha9f2e26_4
  constrains:
  - libstdcxx-ng ==16.2.0=*_4
  license: GPL-3.0-only WITH GCC-exception-3.1
  license_family: GPL
  run_exports: {}
  size: 6613148
  timestamp: 1787618704262
- conda: https://conda.anaconda.org/conda-forge/linux-64/openssl-3.6.4-h781a0a9_0.conda
  sha256: 4747b2d6a8336f52343bceb8a1ebf41a9e6e665b9d2e3f989972de53a310599e
  md5: 16e3034a330cc625f2c685edec60cf4e
  depends:
  - __glibc >=2.17,<3.0.a0
  - ca-certificates
  - libgcc >=15
  license: Apache-2.0
  license_family: Apache
  run_exports:
    weak:
    - openssl >=3.6.4,<4.0a0
  size: 3202955
  timestamp: 1787698780103
- conda: https://conda.anaconda.org/conda-forge/linux-64/patchelf-0.19.1-hee9eb32_1.conda
  sha256: f138da28cd92824eb58ca11b3f9d5d6d32e1cbd31d7f5589ccda1a7398522b6b
  md5: 21ce762527ea167059a17516773a8cc4
  depends:
  - __glibc >=2.17,<3.0.a0
  - libstdcxx >=15
  - libgcc >=15
  license: GPL-3.0-or-later
  license_family: GPL
  run_exports: {}
  size: 152278
  timestamp: 1787380796884
- conda: https://conda.anaconda.org/conda-forge/linux-64/rattler-build-0.75.0-hf01adef_0.conda
  sha256: 304df89e62a43f0c303b199da73b7f0f80d279bbe6995579abe892f6eea116a9
  md5: 21ddb2e506f2c6c6645108e8b7d29fd3
  depends:
  - patchelf
  - __glibc >=2.17,<3.0.a0
  - libstdcxx >=15
  - libgcc >=15
  - openssl >=3.5.8,<4.0a0
  constrains:
  - __glibc >=2.17
  license: BSD-3-Clause
  license_family: BSD
  run_exports: {}
  size: 20001197
  timestamp: 1787768626015
- conda: https://conda.anaconda.org/conda-forge/noarch/ca-certificates-2026.7.22-hbd8a1cb_0.conda
  sha256: 0a0544cf95f64394fe4959286f5c71f5444ad58feb0602e53becb27448d24da6
  md5: 0f51e2391ade309db462a55611263e9c
  depends:
  - __unix
  license: ISC
  run_exports: {}
  size: 131780
  timestamp: 1784754889428
- conda: https://conda.anaconda.org/conda-forge/osx-64/libcxx-23.1.0-h19cb2f5_0.conda
  sha256: da5b60cbdaf8d931e2534f3b17a0d9b5432ebc855509d36618d61a61f1f2909d
  md5: 925382e3a8a530f862be5be3b3aaf68b
  depends:
  - __osx >=11.0
  license: Apache-2.0 WITH LLVM-exception
  license_family: Apache
  run_exports: {}
  size: 576296
  timestamp: 1787699413070
- conda: https://conda.anaconda.org/conda-forge/osx-64/rattler-build-0.75.0-h1311731_0.conda
  sha256: a54c3104b7a469fce52146b5ddd33b1ceb914d7967f8d8e84fc660259318177a
  md5: 20f43333f944e0d5ed9b69e98df3e29c
  depends:
  - libcxx >=21
  - __osx >=11.0
  constrains:
  - __osx >=11.0
  license: BSD-3-Clause
  license_family: BSD
  run_exports: {}
  size: 19539815
  timestamp: 1787768692596
- conda: https://conda.anaconda.org/conda-forge/osx-arm64/libcxx-23.1.0-h55c6f16_0.conda
  sha256: d3e5f0b767964af25ef81edffc002f8e822b1a5c55330da1ae3a857f70c4e4ee
  md5: 5303ba06fab927399ed8dfb3227b0af8
  depends:
  - __osx >=11.0
  license: Apache-2.0 WITH LLVM-exception
  license_family: Apache
  run_exports: {}
  size: 575940
  timestamp: 1787698697875
- conda: https://conda.anaconda.org/conda-forge/osx-arm64/rattler-build-0.75.0-h74d5219_0.conda
  sha256: e113fa5228affef5bf89575499089b1cdef8e5185661971a7a722dadb295afa0
  md5: 13a4e04e8ebef490b8303c56153d3e4a
  depends:
  - libcxx >=21
  - __osx >=11.0
  constrains:
  - __osx >=11.0
  license: BSD-3-Clause
  license_family: BSD
  run_exports: {}
  size: 18008506
  timestamp: 1787768623865
- conda: https://conda.anaconda.org/conda-forge/win-64/rattler-build-0.75.0-he94b42d_0.conda
  sha256: 833f6dab7f51d5a3b70309849902a5f868ce5b21f4552d26d71e78ab20cce1d4
  md5: 553949e941bbb183fe86d5b122d8b8cb
  depends:
  - vc >=14.3,<15
  - vc14_runtime >=14.44.35208
  - ucrt >=10.0.20348.0
  license: BSD-3-Clause
  license_family: BSD
  run_exports: {}
  size: 20653442
  timestamp: 1787768629161
- conda: https://conda.anaconda.org/conda-forge/win-64/ucrt-10.0.26100.0-h57928b3_0.conda
  sha256: 3005729dce6f3d3f5ec91dfc49fc75a0095f9cd23bab49efb899657297ac91a5
  md5: 71b24316859acd00bdb8b38f5e2ce328
  constrains:
  - vc14_runtime >=14.29.30037
  - vs2015_runtime >=14.29.30037
  license: LicenseRef-MicrosoftWindowsSDK10
  run_exports: {}
  size: 694692
  timestamp: 1756385147981
- conda: https://conda.anaconda.org/conda-forge/win-64/vc-14.5-ha367084_41.conda
  sha256: 35444c55a92e2f7f7ba26bc70f81e56e52344f7d064c0fd4b40a46a58517b79c
  md5: aa805b5522c2a98fa286e551a1f48546
  depends:
  - vc14_runtime >=14.51.36247
  track_features:
  - vc14
  license: BSD-3-Clause
  license_family: BSD
  run_exports: {}
  size: 21383
  timestamp: 1785359368566
- conda: https://conda.anaconda.org/conda-forge/win-64/vc14_runtime-14.51.36247-habf1de7_41.conda
  sha256: 4e4cb599cdc41bf2109d1464c127b5bcbddf548ce3e322e612afb691338b48f8
  md5: ac5333bb3d429361f23adf704cc49a78
  depends:
  - ucrt >=10.0.20348.0
  - vcomp14 14.51.36247 habf1de7_41
  constrains:
  - vs2015_runtime 14.51.36247.* *_41
  license: LicenseRef-MicrosoftVisualCpp2015-2022Runtime
  license_family: Proprietary
  run_exports: {}
  size: 767955
  timestamp: 1785359364369
- conda: https://conda.anaconda.org/conda-forge/win-64/vcomp14-14.51.36247-habf1de7_41.conda
  sha256: 731e043390c9457299484d39e427221fc868a9249540a498a5a4f6456c7744d1
  md5: 350bb67a5c8e5f1c53347ac544ab6600
  depends:
  - ucrt >=10.0.20348.0
  constrains:
  - vs2015_runtime 14.51.36247.* *_41
  license: LicenseRef-MicrosoftVisualCpp2015-2022Runtime
  license_family: Proprietary
  run_exports:
    strong:
    - vcomp14 >=14.51.36247
  size: 155910
  timestamp: 1785359349999
